hash: 2ecc804b5ad70b8f31df09666bbee1007a12b1d69b82826265408aa3ad53b887
updated: 2018-05-15T15:36:27.147469+08:00
imports:
- name: github.com/davecgh/go-spew
  version: 8991bc29aa16c548c550c7ff78260e27b9ab7c73
  subpackages:
  - spew
- name: github.com/pmezard/go-difflib
  version: 792786c7400a136282c1664665ae0a8db921c6c2
  subpackages:
  - difflib
- name: github.com/stretchr/objx
  version: a5cfa15c000af5f09784e5355969ba7eb66ef0de
- name: github.com/stretchr/testify
  version: c679ae2cc0cb27ec3293fea7e254e47386f05d69
  subpackages:
  - assert
  - mock
  - require
  - suite
- name: github.com/tonnerre/golang-go.crypto
  version: 9bbb332f040b171b2fb4e08c53a3db3b3f6633c0
  subpackages:
  - sha3
testImports: []
